
Microsoft Visual Studio Solution File, Format Version 12.00
# Visual Studio Version 16
VisualStudioVersion = 16.0.31321.278
MinimumVisualStudioVersion = 10.0.40219.1
Project("{FAE04EC0-301F-11D3-BF4B-00C04F79EFBC}") = "Abramyan Practice", "Abramyan Practice\Abramyan Practice.csproj", "{3273880D-D0B5-4577-B049-3FB2DCC594CF}"
EndProject
Global
	GlobalSection(SolutionConfigurationPlatforms) = preSolution
		Debug|Any CPU = Debug|Any CPU
		Release|Any CPU = Release|Any CPU
	EndGlobalSection
	GlobalSection(ProjectConfigurationPlatforms) = postSolution
		{3273880D-D0B5-4577-B049-3FB2DCC594CF}.Debug|Any CPU.ActiveCfg = Debug|Any CPU
		{3273880D-D0B5-4577-B049-3FB2DCC594CF}.Debug|Any CPU.Build.0 = Debug|Any CPU
		{3273880D-D0B5-4577-B049-3FB2DCC594CF}.Release|Any CPU.ActiveCfg = Release|Any CPU
		{3273880D-D0B5-4577-B049-3FB2DCC594CF}.Release|Any CPU.Build.0 = Release|Any CPU
	EndGlobalSection
	GlobalSection(SolutionProperties) = preSolution
		HideSolutionNode = FALSE
	EndGlobalSection
	GlobalSection(ExtensibilityGlobals) = postSolution
		SolutionGuid = {2105787B-34A4-451B-AEE4-70BA2E1862FC}
	EndGlobalSection
EndGlobal
